// !$*UTF8*$!
{
	archiveVersion = 1;
	classes = {
	};
	objectVersion = 60;
	objects = {

/* Begin PBXBuildFile section */
		658B80042B60C06E005D783E /* LegitContentView.swift in Sources */ = {isa = PBXBuildFile; fileRef = 658B80032B60C06E005D783E /* LegitContentView.swift */; };
		658B80052B60C0E9005D783E /* Assets.xcassets in Resources */ = {isa = PBXBuildFile; fileRef = 86A48A7A2B2B49CE005D1639 /* Assets.xcassets */; };
		65CECFE32B5CA602009E5D80 /* basebin.tc in Resources */ = {isa = PBXBuildFile; fileRef = 65CECFE22B5CA602009E5D80 /* basebin.tc */; };
		65D806E42B58DBE400823CC4 /* TSUtil.m in Sources */ = {isa = PBXBuildFile; fileRef = 65D806E32B58DBE400823CC4 /* TSUtil.m */; };
		868BDAB12B2E14260017CB10 /* libmeow.m in Sources */ = {isa = PBXBuildFile; fileRef = 868BDAB02B2E14260017CB10 /* libmeow.m */; };
		868BDABA2B2E1A890017CB10 /* meowfinder.c in Sources */ = {isa = PBXBuildFile; fileRef = 868BDAB92B2E1A890017CB10 /* meowfinder.c */; };
		86A48ABC2B2B4A0A005D1639 /* puaf.c in Sources */ = {isa = PBXBuildFile; fileRef = 86A48A892B2B4A0A005D1639 /* puaf.c */; };
		86A48ABD2B2B4A0A005D1639 /* perf.m in Sources */ = {isa = PBXBuildFile; fileRef = 86A48A8A2B2B4A0A005D1639 /* perf.m */; };
		86A48ABE2B2B4A0A005D1639 /* info.c in Sources */ = {isa = PBXBuildFile; fileRef = 86A48A8B2B2B4A0A005D1639 /* info.c */; };
		86A48AC02B2B4A0A005D1639 /* IOSurface_shared.c in Sources */ = {isa = PBXBuildFile; fileRef = 86A48A922B2B4A0A005D1639 /* IOSurface_shared.c */; };
		86A48AC12B2B4A0A005D1639 /* kwrite_IOSurface.c in Sources */ = {isa = PBXBuildFile; fileRef = 86A48A952B2B4A0A005D1639 /* kwrite_IOSurface.c */; };
		86A48AC22B2B4A0A005D1639 /* smith.c in Sources */ = {isa = PBXBuildFile; fileRef = 86A48AB62B2B4A0A005D1639 /* smith.c */; };
		86A48AC32B2B4A0A005D1639 /* physpuppet.c in Sources */ = {isa = PBXBuildFile; fileRef = 86A48AB72B2B4A0A005D1639 /* physpuppet.c */; };
		86A48AC42B2B4A0A005D1639 /* krkw.c in Sources */ = {isa = PBXBuildFile; fileRef = 86A48AB82B2B4A0A005D1639 /* krkw.c */; };
		86A48AC52B2B4A0A005D1639 /* libkfd.m in Sources */ = {isa = PBXBuildFile; fileRef = 86A48ABB2B2B4A0A005D1639 /* libkfd.m */; };
		86A48AC82B2B4A89005D1639 /* IOKit.framework in Frameworks */ = {isa = PBXBuildFile; fileRef = 86A48AC72B2B4A89005D1639 /* IOKit.framework */; };
		86A48ACB2B2B5451005D1639 /* kread_sem_open.c in Sources */ = {isa = PBXBuildFile; fileRef = 86A48AC92B2B5451005D1639 /* kread_sem_open.c */; };
		9732F8E62B55A6ED00762F31 /* loadtelescoped.m in Sources */ = {isa = PBXBuildFile; fileRef = 9732F8E52B55A6ED00762F31 /* loadtelescoped.m */; };
		97EE5C722B5DA7C50066184E /* DriverKit.c in Sources */ = {isa = PBXBuildFile; fileRef = 97EE5C712B5DA7C50066184E /* DriverKit.c */; };
		97EE5C752B5DA80E0066184E /* device.c in Sources */ = {isa = PBXBuildFile; fileRef = 97EE5C742B5DA80E0066184E /* device.c */; };
		97EE5C772B5E05040066184E /* kallocation.m in Sources */ = {isa = PBXBuildFile; fileRef = 97EE5C762B5E05040066184E /* kallocation.m */; };
		D5123A022B4C40B10040BF9D /* pplrw.m in Sources */ = {isa = PBXBuildFile; fileRef = D5123A012B4C40B10040BF9D /* pplrw.m */; };
		D5123A062B4C41040040BF9D /* IOSurface_Primitives.m in Sources */ = {isa = PBXBuildFile; fileRef = D5123A052B4C41040040BF9D /* IOSurface_Primitives.m */; };
		D54990D72B42C7C3003B3486 /* landa.c in Sources */ = {isa = PBXBuildFile; fileRef = D54990D62B42C7C3003B3486 /* landa.c */; };
		D56FB6A02B499B0C00A48CA4 /* kfd-meow.swift in Sources */ = {isa = PBXBuildFile; fileRef = D56FB69F2B499B0C00A48CA4 /* kfd-meow.swift */; };
		D5BF82AC2B4FF7E200C02D17 /* overwrite.m in Sources */ = {isa = PBXBuildFile; fileRef = D5BF829D2B4F83D100C02D17 /* overwrite.m */; };
		D5BF82C52B50242F00C02D17 /* patchfinder.m in Sources */ = {isa = PBXBuildFile; fileRef = D5BF82C22B50242F00C02D17 /* patchfinder.m */; };
		D5BF82C62B50242F00C02D17 /* libdimentio.c in Sources */ = {isa = PBXBuildFile; fileRef = D5BF82C32B50242F00C02D17 /* libdimentio.c */; };
		D5D2DDA52B4726D500B62BED /* kwrite_sem_open.c in Sources */ = {isa = PBXBuildFile; fileRef = D5D2DDA32B4726D500B62BED /* kwrite_sem_open.c */; };
		D5D2DDA82B47B85F00B62BED /* kread_IOSurface.c in Sources */ = {isa = PBXBuildFile; fileRef = D5D2DDA62B47B85F00B62BED /* kread_IOSurface.c */; };
		D5D2DDB52B4832B600B62BED /* KernelPatchfinder in Frameworks */ = {isa = PBXBuildFile; productRef = D5D2DDB42B4832B600B62BED /* KernelPatchfinder */; };
		D5D2DDB82B4832E600B62BED /* fugufinder.swift in Sources */ = {isa = PBXBuildFile; fileRef = D5D2DDB72B4832E600B62BED /* fugufinder.swift */; };
		D5D2DDC12B48341400B62BED /* libgrabkernel.a in Frameworks */ = {isa = PBXBuildFile; fileRef = D5D2DDBC2B48341400B62BED /* libgrabkernel.a */; };
		D5D2DDC22B48341400B62BED /* libcurl.a in Frameworks */ = {isa = PBXBuildFile; fileRef = D5D2DDBD2B48341400B62BED /* libcurl.a */; };
		D5D2DDC32B48341400B62BED /* libfragmentzip.a in Frameworks */ = {isa = PBXBuildFile; fileRef = D5D2DDBF2B48341400B62BED /* libfragmentzip.a */; };
		D5D2DDCE2B4835E000B62BED /* libz.tbd in Frameworks */ = {isa = PBXBuildFile; fileRef = D5D2DDCD2B4835E000B62BED /* libz.tbd */; };
		D5D2DDD02B4835E800B62BED /* libMobileGestalt.tbd in Frameworks */ = {isa = PBXBuildFile; fileRef = D5D2DDCF2B4835E800B62BED /* libMobileGestalt.tbd */; };
		D5D2DDD22B4835F100B62BED /* CoreServices.framework in Frameworks */ = {isa = PBXBuildFile; fileRef = D5D2DDD12B4835F100B62BED /* CoreServices.framework */; };
		D5D2DDDA2B483B1800B62BED /* libgrabkernel.a in Sources */ = {isa = PBXBuildFile; fileRef = D5D2DDBC2B48341400B62BED /* libgrabkernel.a */; };
		D5D2DDDB2B483B1800B62BED /* libcurl.a in Sources */ = {isa = PBXBuildFile; fileRef = D5D2DDBD2B48341400B62BED /* libcurl.a */; };
		D5D2DDDC2B483B1800B62BED /* libfragmentzip.a in Sources */ = {isa = PBXBuildFile; fileRef = D5D2DDBF2B48341400B62BED /* libfragmentzip.a */; };
/* End PBXBuildFile section */

/* Begin PBXFileReference section */
		658B80032B60C06E005D783E /* LegitContentView.swift */ = {isa = PBXFileReference; lastKnownFileType = sourcecode.swift; path = LegitContentView.swift; sourceTree = "<group>"; };
		65CECFE22B5CA602009E5D80 /* basebin.tc */ = {isa = PBXFileReference; lastKnownFileType = file; name = basebin.tc; path = TelescopeBin/basebin.tc; sourceTree = "<group>"; };
		65D806E32B58DBE400823CC4 /* TSUtil.m */ = {isa = PBXFileReference; fileEncoding = 4; lastKnownFileType = sourcecode.c.objc; path = TSUtil.m; sourceTree = "<group>"; };
		868BDAB02B2E14260017CB10 /* libmeow.m */ = {isa = PBXFileReference; lastKnownFileType = sourcecode.c.objc; path = libmeow.m; sourceTree = "<group>"; };
		868BDAB22B2E14410017CB10 /* libmeow.h */ = {isa = PBXFileReference; lastKnownFileType = sourcecode.c.h; path = libmeow.h; sourceTree = "<group>"; };
		868BDAB82B2E1A840017CB10 /* meowfinder.h */ = {isa = PBXFileReference; lastKnownFileType = sourcecode.c.h; path = meowfinder.h; sourceTree = "<group>"; };
		868BDAB92B2E1A890017CB10 /* meowfinder.c */ = {isa = PBXFileReference; fileEncoding = 4; lastKnownFileType = sourcecode.c.c; path = meowfinder.c; sourceTree = "<group>"; };
		86A48A6B2B2B49CD005D1639 /* Telescope.app */ = {isa = PBXFileReference; explicitFileType = wrapper.application; includeInIndex = 0; path = Telescope.app; sourceTree = BUILT_PRODUCTS_DIR; };
		86A48A7A2B2B49CE005D1639 /* Assets.xcassets */ = {isa = PBXFileReference; lastKnownFileType = folder.assetcatalog; path = Assets.xcassets; sourceTree = "<group>"; };
		86A48A7F2B2B49CE005D1639 /* Info.plist */ = {isa = PBXFileReference; lastKnownFileType = text.plist.xml; path = Info.plist; sourceTree = "<group>"; };
		86A48A872B2B4A0A005D1639 /* libkfd.h */ = {isa = PBXFileReference; fileEncoding = 4; lastKnownFileType = sourcecode.c.h; path = libkfd.h; sourceTree = "<group>"; };
		86A48A892B2B4A0A005D1639 /* puaf.c */ = {isa = PBXFileReference; fileEncoding = 4; lastKnownFileType = sourcecode.c.c; path = puaf.c; sourceTree = "<group>"; };
		86A48A8A2B2B4A0A005D1639 /* perf.m */ = {isa = PBXFileReference; fileEncoding = 4; lastKnownFileType = sourcecode.c.objc; path = perf.m; sourceTree = "<group>"; };
		86A48A8B2B2B4A0A005D1639 /* info.c */ = {isa = PBXFileReference; fileEncoding = 4; lastKnownFileType = sourcecode.c.c; path = info.c; sourceTree = "<group>"; };
		86A48A8C2B2B4A0A005D1639 /* krkw.h */ = {isa = PBXFileReference; fileEncoding = 4; lastKnownFileType = sourcecode.c.h; path = krkw.h; sourceTree = "<group>"; };
		86A48A912B2B4A0A005D1639 /* IOSurface_shared.h */ = {isa = PBXFileReference; fileEncoding = 4; lastKnownFileType = sourcecode.c.h; path = IOSurface_shared.h; sourceTree = "<group>"; };
		86A48A922B2B4A0A005D1639 /* IOSurface_shared.c */ = {isa = PBXFileReference; fileEncoding = 4; lastKnownFileType = sourcecode.c.c; path = IOSurface_shared.c; sourceTree = "<group>"; };
		86A48A942B2B4A0A005D1639 /* kwrite_IOSurface.h */ = {isa = PBXFileReference; fileEncoding = 4; lastKnownFileType = sourcecode.c.h; path = kwrite_IOSurface.h; sourceTree = "<group>"; };
		86A48A952B2B4A0A005D1639 /* kwrite_IOSurface.c */ = {isa = PBXFileReference; fileEncoding = 4; lastKnownFileType = sourcecode.c.c; path = kwrite_IOSurface.c; sourceTree = "<group>"; };
		86A48A982B2B4A0A005D1639 /* semaphore.h */ = {isa = PBXFileReference; fileEncoding = 4; lastKnownFileType = sourcecode.c.h; path = semaphore.h; sourceTree = "<group>"; };
		86A48A992B2B4A0A005D1639 /* ipc_port.h */ = {isa = PBXFileReference; fileEncoding = 4; lastKnownFileType = sourcecode.c.h; path = ipc_port.h; sourceTree = "<group>"; };
		86A48A9A2B2B4A0A005D1639 /* fileglob.h */ = {isa = PBXFileReference; fileEncoding = 4; lastKnownFileType = sourcecode.c.h; path = fileglob.h; sourceTree = "<group>"; };
		86A48A9B2B2B4A0A005D1639 /* miscellaneous_types.h */ = {isa = PBXFileReference; fileEncoding = 4; lastKnownFileType = sourcecode.c.h; path = miscellaneous_types.h; sourceTree = "<group>"; };
		86A48A9C2B2B4A0A005D1639 /* ipc_space.h */ = {isa = PBXFileReference; fileEncoding = 4; lastKnownFileType = sourcecode.c.h; path = ipc_space.h; sourceTree = "<group>"; };
		86A48A9D2B2B4A0A005D1639 /* vm_map_copy.h */ = {isa = PBXFileReference; fileEncoding = 4; lastKnownFileType = sourcecode.c.h; path = vm_map_copy.h; sourceTree = "<group>"; };
		86A48A9E2B2B4A0A005D1639 /* pseminfo.h */ = {isa = PBXFileReference; fileEncoding = 4; lastKnownFileType = sourcecode.c.h; path = pseminfo.h; sourceTree = "<group>"; };
		86A48A9F2B2B4A0A005D1639 /* vm_object.h */ = {isa = PBXFileReference; fileEncoding = 4; lastKnownFileType = sourcecode.c.h; path = vm_object.h; sourceTree = "<group>"; };
		86A48AA02B2B4A0A005D1639 /* pmap.h */ = {isa = PBXFileReference; fileEncoding = 4; lastKnownFileType = sourcecode.c.h; path = pmap.h; sourceTree = "<group>"; };
		86A48AA12B2B4A0A005D1639 /* fileops.h */ = {isa = PBXFileReference; fileEncoding = 4; lastKnownFileType = sourcecode.c.h; path = fileops.h; sourceTree = "<group>"; };
		86A48AA22B2B4A0A005D1639 /* fileproc_guard.h */ = {isa = PBXFileReference; fileEncoding = 4; lastKnownFileType = sourcecode.c.h; path = fileproc_guard.h; sourceTree = "<group>"; };
		86A48AA32B2B4A0A005D1639 /* ipc_entry.h */ = {isa = PBXFileReference; fileEncoding = 4; lastKnownFileType = sourcecode.c.h; path = ipc_entry.h; sourceTree = "<group>"; };
		86A48AA42B2B4A0A005D1639 /* vm_named_entry.h */ = {isa = PBXFileReference; fileEncoding = 4; lastKnownFileType = sourcecode.c.h; path = vm_named_entry.h; sourceTree = "<group>"; };
		86A48AA52B2B4A0A005D1639 /* psemnode.h */ = {isa = PBXFileReference; fileEncoding = 4; lastKnownFileType = sourcecode.c.h; path = psemnode.h; sourceTree = "<group>"; };
		86A48AA62B2B4A0A005D1639 /* vm_page.h */ = {isa = PBXFileReference; fileEncoding = 4; lastKnownFileType = sourcecode.c.h; path = vm_page.h; sourceTree = "<group>"; };
		86A48AA72B2B4A0A005D1639 /* vm_map_entry.h */ = {isa = PBXFileReference; fileEncoding = 4; lastKnownFileType = sourcecode.c.h; path = vm_map_entry.h; sourceTree = "<group>"; };
		86A48AA82B2B4A0A005D1639 /* fileproc.h */ = {isa = PBXFileReference; fileEncoding = 4; lastKnownFileType = sourcecode.c.h; path = fileproc.h; sourceTree = "<group>"; };
		86A48AAA2B2B4A0A005D1639 /* task.h */ = {isa = PBXFileReference; fileEncoding = 4; lastKnownFileType = sourcecode.c.h; path = task.h; sourceTree = "<group>"; };
		86A48AAB2B2B4A0A005D1639 /* proc.h */ = {isa = PBXFileReference; fileEncoding = 4; lastKnownFileType = sourcecode.c.h; path = proc.h; sourceTree = "<group>"; };
		86A48AAC2B2B4A0A005D1639 /* uthread.h */ = {isa = PBXFileReference; fileEncoding = 4; lastKnownFileType = sourcecode.c.h; path = uthread.h; sourceTree = "<group>"; };
		86A48AAD2B2B4A0A005D1639 /* vm_map.h */ = {isa = PBXFileReference; fileEncoding = 4; lastKnownFileType = sourcecode.c.h; path = vm_map.h; sourceTree = "<group>"; };
		86A48AAE2B2B4A0A005D1639 /* IOSurface.h */ = {isa = PBXFileReference; fileEncoding = 4; lastKnownFileType = sourcecode.c.h; path = IOSurface.h; sourceTree = "<group>"; };
		86A48AAF2B2B4A0A005D1639 /* thread.h */ = {isa = PBXFileReference; fileEncoding = 4; lastKnownFileType = sourcecode.c.h; path = thread.h; sourceTree = "<group>"; };
		86A48AB02B2B4A0A005D1639 /* kqworkloop.h */ = {isa = PBXFileReference; fileEncoding = 4; lastKnownFileType = sourcecode.c.h; path = kqworkloop.h; sourceTree = "<group>"; };
		86A48AB12B2B4A0A005D1639 /* puaf.h */ = {isa = PBXFileReference; fileEncoding = 4; lastKnownFileType = sourcecode.c.h; path = puaf.h; sourceTree = "<group>"; };
		86A48AB22B2B4A0A005D1639 /* common.h */ = {isa = PBXFileReference; fileEncoding = 4; lastKnownFileType = sourcecode.c.h; path = common.h; sourceTree = "<group>"; };
		86A48AB42B2B4A0A005D1639 /* smith.h */ = {isa = PBXFileReference; fileEncoding = 4; lastKnownFileType = sourcecode.c.h; path = smith.h; sourceTree = "<group>"; };
		86A48AB52B2B4A0A005D1639 /* physpuppet.h */ = {isa = PBXFileReference; fileEncoding = 4; lastKnownFileType = sourcecode.c.h; path = physpuppet.h; sourceTree = "<group>"; };
		86A48AB62B2B4A0A005D1639 /* smith.c */ = {isa = PBXFileReference; fileEncoding = 4; lastKnownFileType = sourcecode.c.c; path = smith.c; sourceTree = "<group>"; };
		86A48AB72B2B4A0A005D1639 /* physpuppet.c */ = {isa = PBXFileReference; fileEncoding = 4; lastKnownFileType = sourcecode.c.c; path = physpuppet.c; sourceTree = "<group>"; };
		86A48AB82B2B4A0A005D1639 /* krkw.c */ = {isa = PBXFileReference; fileEncoding = 4; lastKnownFileType = sourcecode.c.c; path = krkw.c; sourceTree = "<group>"; };
		86A48AB92B2B4A0A005D1639 /* perf.h */ = {isa = PBXFileReference; fileEncoding = 4; lastKnownFileType = sourcecode.c.h; path = perf.h; sourceTree = "<group>"; };
		86A48ABA2B2B4A0A005D1639 /* info.h */ = {isa = PBXFileReference; fileEncoding = 4; lastKnownFileType = sourcecode.c.h; path = info.h; sourceTree = "<group>"; };
		86A48ABB2B2B4A0A005D1639 /* libkfd.m */ = {isa = PBXFileReference; fileEncoding = 4; lastKnownFileType = sourcecode.c.objc; path = libkfd.m; sourceTree = "<group>"; };
		86A48AC72B2B4A89005D1639 /* IOKit.framework */ = {isa = PBXFileReference; lastKnownFileType = wrapper.framework; name = IOKit.framework; path = System/Library/Frameworks/IOKit.framework; sourceTree = SDKROOT; };
		86A48AC92B2B5451005D1639 /* kread_sem_open.c */ = {isa = PBXFileReference; fileEncoding = 4; lastKnownFileType = sourcecode.c.c; path = kread_sem_open.c; sourceTree = "<group>"; };
		86A48ACA2B2B5451005D1639 /* kread_sem_open.h */ = {isa = PBXFileReference; fileEncoding = 4; lastKnownFileType = sourcecode.c.h; path = kread_sem_open.h; sourceTree = "<group>"; };
		9732F8E42B55A50C00762F31 /* loadtelescoped.h */ = {isa = PBXFileReference; lastKnownFileType = sourcecode.c.h; path = loadtelescoped.h; sourceTree = "<group>"; };
		9732F8E52B55A6ED00762F31 /* loadtelescoped.m */ = {isa = PBXFileReference; lastKnownFileType = sourcecode.c.objc; path = loadtelescoped.m; sourceTree = "<group>"; };
		9732F8E72B55BBD800762F31 /* posix_spawn.h */ = {isa = PBXFileReference; lastKnownFileType = sourcecode.c.h; path = posix_spawn.h; sourceTree = "<group>"; };
		97A312392B5EFFAD004773EB /* kallocation.h */ = {isa = PBXFileReference; lastKnownFileType = sourcecode.c.h; path = kallocation.h; sourceTree = "<group>"; };
		97A9DCE32B5B5366007ECBC9 /* trustcache.h */ = {isa = PBXFileReference; lastKnownFileType = sourcecode.c.h; path = trustcache.h; sourceTree = "<group>"; };
		97EE5C6F2B5DA7620066184E /* DriverKitClasses.h */ = {isa = PBXFileReference; lastKnownFileType = sourcecode.c.h; path = DriverKitClasses.h; sourceTree = "<group>"; };
		97EE5C702B5DA78D0066184E /* DriverKit.h */ = {isa = PBXFileReference; lastKnownFileType = sourcecode.c.h; path = DriverKit.h; sourceTree = "<group>"; };
		97EE5C712B5DA7C50066184E /* DriverKit.c */ = {isa = PBXFileReference; lastKnownFileType = sourcecode.c.c; path = DriverKit.c; sourceTree = "<group>"; };
		97EE5C732B5DA7ED0066184E /* device.h */ = {isa = PBXFileReference; lastKnownFileType = sourcecode.c.h; path = device.h; sourceTree = "<group>"; };
		97EE5C742B5DA80E0066184E /* device.c */ = {isa = PBXFileReference; lastKnownFileType = sourcecode.c.c; path = device.c; sourceTree = "<group>"; };
		97EE5C762B5E05040066184E /* kallocation.m */ = {isa = PBXFileReference; lastKnownFileType = sourcecode.c.objc; path = kallocation.m; sourceTree = "<group>"; };
		97F6056F2B5F18B300A71C74 /* kernelinclude.h */ = {isa = PBXFileReference; lastKnownFileType = sourcecode.c.h; path = kernelinclude.h; sourceTree = "<group>"; };
		97F605F72B5F22AF00A71C74 /* ipc_mqueue.h */ = {isa = PBXFileReference; lastKnownFileType = sourcecode.c.h; path = ipc_mqueue.h; sourceTree = "<group>"; };
		97F605F82B5F230600A71C74 /* waitq.h */ = {isa = PBXFileReference; lastKnownFileType = sourcecode.c.h; path = waitq.h; sourceTree = "<group>"; };
		97F605F92B5F28F100A71C74 /* circle_queue.h */ = {isa = PBXFileReference; lastKnownFileType = sourcecode.c.h; path = circle_queue.h; sourceTree = "<group>"; };
		D5123A012B4C40B10040BF9D /* pplrw.m */ = {isa = PBXFileReference; lastKnownFileType = sourcecode.c.objc; path = pplrw.m; sourceTree = "<group>"; };
		D5123A032B4C40BD0040BF9D /* pplrw.h */ = {isa = PBXFileReference; lastKnownFileType = sourcecode.c.h; path = pplrw.h; sourceTree = "<group>"; };
		D5123A042B4C41040040BF9D /* IOSurface_Primitives.h */ = {isa = PBXFileReference; lastKnownFileType = sourcecode.c.h; path = IOSurface_Primitives.h; sourceTree = "<group>"; };
		D5123A052B4C41040040BF9D /* IOSurface_Primitives.m */ = {isa = PBXFileReference; lastKnownFileType = sourcecode.c.objc; path = IOSurface_Primitives.m; sourceTree = "<group>"; };
		D54990D52B42C7C3003B3486 /* landa.h */ = {isa = PBXFileReference; fileEncoding = 4; lastKnownFileType = sourcecode.c.h; path = landa.h; sourceTree = "<group>"; };
		D54990D62B42C7C3003B3486 /* landa.c */ = {isa = PBXFileReference; fileEncoding = 4; lastKnownFileType = sourcecode.c.c; path = landa.c; sourceTree = "<group>"; };
		D56FB69F2B499B0C00A48CA4 /* kfd-meow.swift */ = {isa = PBXFileReference; lastKnownFileType = sourcecode.swift; path = "kfd-meow.swift"; sourceTree = "<group>"; };
		D56FB6A12B499B7000A48CA4 /* ContentView.swift */ = {isa = PBXFileReference; lastKnownFileType = sourcecode.swift; path = ContentView.swift; sourceTree = "<group>"; };
		D56FB6A62B4A66DD00A48CA4 /* CoreFoundation.framework */ = {isa = PBXFileReference; lastKnownFileType = wrapper.framework; name = CoreFoundation.framework; path = System/Library/Frameworks/CoreFoundation.framework; sourceTree = SDKROOT; };
		D5BF829C2B4F83D100C02D17 /* overwrite.h */ = {isa = PBXFileReference; fileEncoding = 4; lastKnownFileType = sourcecode.c.h; path = overwrite.h; sourceTree = "<group>"; };
		D5BF829D2B4F83D100C02D17 /* overwrite.m */ = {isa = PBXFileReference; fileEncoding = 4; lastKnownFileType = sourcecode.c.objc; path = overwrite.m; sourceTree = "<group>"; };
		D5BF82B02B4FFAF600C02D17 /* files */ = {isa = PBXFileReference; lastKnownFileType = folder; path = files; sourceTree = "<group>"; };
		D5BF82B52B500A4C00C02D17 /* endpoint.h */ = {isa = PBXFileReference; fileEncoding = 4; lastKnownFileType = sourcecode.c.h; path = endpoint.h; sourceTree = "<group>"; };
		D5BF82B62B500A4C00C02D17 /* debug.h */ = {isa = PBXFileReference; fileEncoding = 4; lastKnownFileType = sourcecode.c.h; path = debug.h; sourceTree = "<group>"; };
		D5BF82B72B500A4C00C02D17 /* listener.h */ = {isa = PBXFileReference; fileEncoding = 4; lastKnownFileType = sourcecode.c.h; path = listener.h; sourceTree = "<group>"; };
		D5BF82B82B500A4C00C02D17 /* availability.h */ = {isa = PBXFileReference; fileEncoding = 4; lastKnownFileType = sourcecode.c.h; path = availability.h; sourceTree = "<group>"; };
		D5BF82B92B500A4C00C02D17 /* rich_error.h */ = {isa = PBXFileReference; fileEncoding = 4; lastKnownFileType = sourcecode.c.h; path = rich_error.h; sourceTree = "<group>"; };
		D5BF82BA2B500A4C00C02D17 /* xpc.h */ = {isa = PBXFileReference; fileEncoding = 4; lastKnownFileType = sourcecode.c.h; path = xpc.h; sourceTree = "<group>"; };
		D5BF82BB2B500A4C00C02D17 /* session.h */ = {isa = PBXFileReference; fileEncoding = 4; lastKnownFileType = sourcecode.c.h; path = session.h; sourceTree = "<group>"; };
		D5BF82BC2B500A4C00C02D17 /* xpc_connection.h */ = {isa = PBXFileReference; fileEncoding = 4; lastKnownFileType = sourcecode.c.h; path = xpc_connection.h; sourceTree = "<group>"; };
		D5BF82BD2B500A4C00C02D17 /* activity.h */ = {isa = PBXFileReference; fileEncoding = 4; lastKnownFileType = sourcecode.c.h; path = activity.h; sourceTree = "<group>"; };
		D5BF82BE2B500A4C00C02D17 /* launch.h */ = {isa = PBXFileReference; fileEncoding = 4; lastKnownFileType = sourcecode.c.h; path = launch.h; sourceTree = "<group>"; };
		D5BF82BF2B500A4C00C02D17 /* base.h */ = {isa = PBXFileReference; fileEncoding = 4; lastKnownFileType = sourcecode.c.h; path = base.h; sourceTree = "<group>"; };
		D5BF82C12B50242F00C02D17 /* libdimentio.h */ = {isa = PBXFileReference; fileEncoding = 4; lastKnownFileType = sourcecode.c.h; path = libdimentio.h; sourceTree = "<group>"; };
		D5BF82C22B50242F00C02D17 /* patchfinder.m */ = {isa = PBXFileReference; fileEncoding = 4; lastKnownFileType = sourcecode.c.objc; path = patchfinder.m; sourceTree = "<group>"; };
		D5BF82C32B50242F00C02D17 /* libdimentio.c */ = {isa = PBXFileReference; fileEncoding = 4; lastKnownFileType = sourcecode.c.c; path = libdimentio.c; sourceTree = "<group>"; };
		D5BF82C42B50242F00C02D17 /* patchfinder.h */ = {isa = PBXFileReference; fileEncoding = 4; lastKnownFileType = sourcecode.c.h; path = patchfinder.h; sourceTree = "<group>"; };
		D5C6137A2B4B15BF009200D1 /* GPU_CoreSight.h */ = {isa = PBXFileReference; lastKnownFileType = sourcecode.c.h; path = GPU_CoreSight.h; sourceTree = "<group>"; };
		D5C6137B2B4B15C0009200D1 /* GPU_CoreSight.m */ = {isa = PBXFileReference; lastKnownFileType = sourcecode.c.objc; path = GPU_CoreSight.m; sourceTree = "<group>"; };
		D5D2DDA32B4726D500B62BED /* kwrite_sem_open.c */ = {isa = PBXFileReference; fileEncoding = 4; lastKnownFileType = sourcecode.c.c; path = kwrite_sem_open.c; sourceTree = "<group>"; };
		D5D2DDA42B4726D500B62BED /* kwrite_sem_open.h */ = {isa = PBXFileReference; fileEncoding = 4; lastKnownFileType = sourcecode.c.h; path = kwrite_sem_open.h; sourceTree = "<group>"; };
		D5D2DDA62B47B85F00B62BED /* kread_IOSurface.c */ = {isa = PBXFileReference; fileEncoding = 4; lastKnownFileType = sourcecode.c.c; path = kread_IOSurface.c; sourceTree = "<group>"; };
		D5D2DDA72B47B85F00B62BED /* kread_IOSurface.h */ = {isa = PBXFileReference; fileEncoding = 4; lastKnownFileType = sourcecode.c.h; path = kread_IOSurface.h; sourceTree = "<group>"; };
		D5D2DDB62B4832E500B62BED /* kfd-meow-Bridging-Header.h */ = {isa = PBXFileReference; lastKnownFileType = sourcecode.c.h; path = "kfd-meow-Bridging-Header.h"; sourceTree = "<group>"; };
		D5D2DDB72B4832E600B62BED /* fugufinder.swift */ = {isa = PBXFileReference; lastKnownFileType = sourcecode.swift; path = fugufinder.swift; sourceTree = "<group>"; };
		D5D2DDBB2B48341400B62BED /* libgrabkernel.h */ = {isa = PBXFileReference; fileEncoding = 4; lastKnownFileType = sourcecode.c.h; path = libgrabkernel.h; sourceTree = "<group>"; };
		D5D2DDBC2B48341400B62BED /* libgrabkernel.a */ = {isa = PBXFileReference; lastKnownFileType = archive.ar; path = libgrabkernel.a; sourceTree = "<group>"; };
		D5D2DDBD2B48341400B62BED /* libcurl.a */ = {isa = PBXFileReference; lastKnownFileType = archive.ar; path = libcurl.a; sourceTree = "<group>"; };
		D5D2DDBE2B48341400B62BED /* module.modulemap */ = {isa = PBXFileReference; fileEncoding = 4; lastKnownFileType = "sourcecode.module-map"; path = module.modulemap; sourceTree = "<group>"; };
		D5D2DDBF2B48341400B62BED /* libfragmentzip.a */ = {isa = PBXFileReference; lastKnownFileType = archive.ar; path = libfragmentzip.a; sourceTree = "<group>"; };
		D5D2DDCB2B4835D900B62BED /* libc.tbd */ = {isa = PBXFileReference; lastKnownFileType = "sourcecode.text-based-dylib-definition"; name = libc.tbd; path = usr/lib/libc.tbd; sourceTree = SDKROOT; };
		D5D2DDCD2B4835E000B62BED /* libz.tbd */ = {isa = PBXFileReference; lastKnownFileType = "sourcecode.text-based-dylib-definition"; name = libz.tbd; path = usr/lib/libz.tbd; sourceTree = SDKROOT; };
		D5D2DDCF2B4835E800B62BED /* libMobileGestalt.tbd */ = {isa = PBXFileReference; lastKnownFileType = "sourcecode.text-based-dylib-definition"; name = libMobileGestalt.tbd; path = usr/lib/libMobileGestalt.tbd; sourceTree = SDKROOT; };
		D5D2DDD12B4835F100B62BED /* CoreServices.framework */ = {isa = PBXFileReference; lastKnownFileType = wrapper.framework; name = CoreServices.framework; path = System/Library/Frameworks/CoreServices.framework; sourceTree = SDKROOT; };
/* End PBXFileReference section */

/* Begin PBXFrameworksBuildPhase section */
		86A48A682B2B49CD005D1639 /* Frameworks */ = {
			isa = PBXFrameworksBuildPhase;
			buildActionMask = 2147483647;
			files = (
				86A48AC82B2B4A89005D1639 /* IOKit.framework in Frameworks */,
				D5D2DDD22B4835F100B62BED /* CoreServices.framework in Frameworks */,
				D5D2DDD02B4835E800B62BED /* libMobileGestalt.tbd in Frameworks */,
				D5D2DDCE2B4835E000B62BED /* libz.tbd in Frameworks */,
				D5D2DDB52B4832B600B62BED /* KernelPatchfinder in Frameworks */,
				D5D2DDC22B48341400B62BED /* libcurl.a in Frameworks */,
				D5D2DDC12B48341400B62BED /* libgrabkernel.a in Frameworks */,
				D5D2DDC32B48341400B62BED /* libfragmentzip.a in Frameworks */,
			);
			runOnlyForDeploymentPostprocessing = 0;
		};
/* End PBXFrameworksBuildPhase section */

/* Begin PBXGroup section */
		86A48A622B2B49CD005D1639 = {
			isa = PBXGroup;
			children = (
				65CECFE22B5CA602009E5D80 /* basebin.tc */,
				86A48A6D2B2B49CD005D1639 /* kfd-meow */,
				86A48A6C2B2B49CD005D1639 /* Products */,
				86A48AC62B2B4A89005D1639 /* Frameworks */,
			);
			sourceTree = "<group>";
		};
		86A48A6C2B2B49CD005D1639 /* Products */ = {
			isa = PBXGroup;
			children = (
				86A48A6B2B2B49CD005D1639 /* Telescope.app */,
			);
			name = Products;
			sourceTree = "<group>";
		};
		86A48A6D2B2B49CD005D1639 /* kfd-meow */ = {
			isa = PBXGroup;
			children = (
				97EE5C6F2B5DA7620066184E /* DriverKitClasses.h */,
				97EE5C702B5DA78D0066184E /* DriverKit.h */,
				97EE5C712B5DA7C50066184E /* DriverKit.c */,
				97EE5C732B5DA7ED0066184E /* device.h */,
				97EE5C742B5DA80E0066184E /* device.c */,
				D5BF82C02B50242F00C02D17 /* kpf */,
				D5BF829B2B4F83D100C02D17 /* overwrite */,
				D5D2DDB92B48341400B62BED /* libgrabkernel */,
				86A48A882B2B4A0A005D1639 /* libkfd */,
				65D806E32B58DBE400823CC4 /* TSUtil.m */,
				86A48A872B2B4A0A005D1639 /* libkfd.h */,
				86A48ABB2B2B4A0A005D1639 /* libkfd.m */,
				868BDAB22B2E14410017CB10 /* libmeow.h */,
				868BDAB02B2E14260017CB10 /* libmeow.m */,
				868BDAB82B2E1A840017CB10 /* meowfinder.h */,
				868BDAB92B2E1A890017CB10 /* meowfinder.c */,
				D5C6137A2B4B15BF009200D1 /* GPU_CoreSight.h */,
				D5C6137B2B4B15C0009200D1 /* GPU_CoreSight.m */,
				D5123A032B4C40BD0040BF9D /* pplrw.h */,
				D5123A012B4C40B10040BF9D /* pplrw.m */,
				D5123A042B4C41040040BF9D /* IOSurface_Primitives.h */,
				D5123A052B4C41040040BF9D /* IOSurface_Primitives.m */,
				D5D2DDB72B4832E600B62BED /* fugufinder.swift */,
				D56FB69F2B499B0C00A48CA4 /* kfd-meow.swift */,
				D56FB6A12B499B7000A48CA4 /* ContentView.swift */,
				658B80032B60C06E005D783E /* LegitContentView.swift */,
				86A48A7A2B2B49CE005D1639 /* Assets.xcassets */,
				86A48A7F2B2B49CE005D1639 /* Info.plist */,
				D5D2DDB62B4832E500B62BED /* kfd-meow-Bridging-Header.h */,
				9732F8E52B55A6ED00762F31 /* loadtelescoped.m */,
				9732F8E42B55A50C00762F31 /* loadtelescoped.h */,
				97A9DCE32B5B5366007ECBC9 /* trustcache.h */,
				97EE5C762B5E05040066184E /* kallocation.m */,
				97A312392B5EFFAD004773EB /* kallocation.h */,
				97F6056F2B5F18B300A71C74 /* kernelinclude.h */,
			);
			path = "kfd-meow";
			sourceTree = "<group>";
		};
		86A48A882B2B4A0A005D1639 /* libkfd */ = {
			isa = PBXGroup;
			children = (
				9732F8E72B55BBD800762F31 /* posix_spawn.h */,
				86A48A962B2B4A0A005D1639 /* info */,
				86A48A8D2B2B4A0A005D1639 /* krkw */,
				86A48AB32B2B4A0A005D1639 /* puaf */,
				86A48AB22B2B4A0A005D1639 /* common.h */,
				86A48AB92B2B4A0A005D1639 /* perf.h */,
				86A48A8A2B2B4A0A005D1639 /* perf.m */,
				86A48ABA2B2B4A0A005D1639 /* info.h */,
				86A48A8B2B2B4A0A005D1639 /* info.c */,
				86A48A8C2B2B4A0A005D1639 /* krkw.h */,
				86A48AB82B2B4A0A005D1639 /* krkw.c */,
				86A48AB12B2B4A0A005D1639 /* puaf.h */,
				86A48A892B2B4A0A005D1639 /* puaf.c */,
			);
			path = libkfd;
			sourceTree = "<group>";
		};
		86A48A8D2B2B4A0A005D1639 /* krkw */ = {
			isa = PBXGroup;
			children = (
				86A48A8E2B2B4A0A005D1639 /* kread */,
				86A48A912B2B4A0A005D1639 /* IOSurface_shared.h */,
				86A48A922B2B4A0A005D1639 /* IOSurface_shared.c */,
				86A48A932B2B4A0A005D1639 /* kwrite */,
			);
			path = krkw;
			sourceTree = "<group>";
		};
		86A48A8E2B2B4A0A005D1639 /* kread */ = {
			isa = PBXGroup;
			children = (
				86A48ACA2B2B5451005D1639 /* kread_sem_open.h */,
				86A48AC92B2B5451005D1639 /* kread_sem_open.c */,
				D5D2DDA72B47B85F00B62BED /* kread_IOSurface.h */,
				D5D2DDA62B47B85F00B62BED /* kread_IOSurface.c */,
			);
			path = kread;
			sourceTree = "<group>";
		};
		86A48A932B2B4A0A005D1639 /* kwrite */ = {
			isa = PBXGroup;
			children = (
				D5D2DDA42B4726D500B62BED /* kwrite_sem_open.h */,
				D5D2DDA32B4726D500B62BED /* kwrite_sem_open.c */,
				86A48A942B2B4A0A005D1639 /* kwrite_IOSurface.h */,
				86A48A952B2B4A0A005D1639 /* kwrite_IOSurface.c */,
			);
			path = kwrite;
			sourceTree = "<group>";
		};
		86A48A962B2B4A0A005D1639 /* info */ = {
			isa = PBXGroup;
			children = (
				86A48A972B2B4A0A005D1639 /* static_types */,
				86A48AA92B2B4A0A005D1639 /* dynamic_types */,
			);
			path = info;
			sourceTree = "<group>";
		};
		86A48A972B2B4A0A005D1639 /* static_types */ = {
			isa = PBXGroup;
			children = (
				86A48A982B2B4A0A005D1639 /* semaphore.h */,
				86A48A992B2B4A0A005D1639 /* ipc_port.h */,
				86A48A9A2B2B4A0A005D1639 /* fileglob.h */,
				86A48A9B2B2B4A0A005D1639 /* miscellaneous_types.h */,
				86A48A9C2B2B4A0A005D1639 /* ipc_space.h */,
				86A48A9D2B2B4A0A005D1639 /* vm_map_copy.h */,
				86A48A9E2B2B4A0A005D1639 /* pseminfo.h */,
				86A48A9F2B2B4A0A005D1639 /* vm_object.h */,
				86A48AA02B2B4A0A005D1639 /* pmap.h */,
				86A48AA12B2B4A0A005D1639 /* fileops.h */,
				86A48AA22B2B4A0A005D1639 /* fileproc_guard.h */,
				86A48AA32B2B4A0A005D1639 /* ipc_entry.h */,
				86A48AA42B2B4A0A005D1639 /* vm_named_entry.h */,
				86A48AA52B2B4A0A005D1639 /* psemnode.h */,
				86A48AA62B2B4A0A005D1639 /* vm_page.h */,
				86A48AA72B2B4A0A005D1639 /* vm_map_entry.h */,
				86A48AA82B2B4A0A005D1639 /* fileproc.h */,
				97F605F72B5F22AF00A71C74 /* ipc_mqueue.h */,
				97F605F82B5F230600A71C74 /* waitq.h */,
				97F605F92B5F28F100A71C74 /* circle_queue.h */,
			);
			path = static_types;
			sourceTree = "<group>";
		};
		86A48AA92B2B4A0A005D1639 /* dynamic_types */ = {
			isa = PBXGroup;
			children = (
				86A48AAA2B2B4A0A005D1639 /* task.h */,
				86A48AAB2B2B4A0A005D1639 /* proc.h */,
				86A48AAC2B2B4A0A005D1639 /* uthread.h */,
				86A48AAD2B2B4A0A005D1639 /* vm_map.h */,
				86A48AAE2B2B4A0A005D1639 /* IOSurface.h */,
				86A48AAF2B2B4A0A005D1639 /* thread.h */,
				86A48AB02B2B4A0A005D1639 /* kqworkloop.h */,
			);
			path = dynamic_types;
			sourceTree = "<group>";
		};
		86A48AB32B2B4A0A005D1639 /* puaf */ = {
			isa = PBXGroup;
			children = (
				D54990D52B42C7C3003B3486 /* landa.h */,
				D54990D62B42C7C3003B3486 /* landa.c */,
				86A48AB42B2B4A0A005D1639 /* smith.h */,
				86A48AB62B2B4A0A005D1639 /* smith.c */,
				86A48AB52B2B4A0A005D1639 /* physpuppet.h */,
				86A48AB72B2B4A0A005D1639 /* physpuppet.c */,
			);
			path = puaf;
			sourceTree = "<group>";
		};
		86A48AC62B2B4A89005D1639 /* Frameworks */ = {
			isa = PBXGroup;
			children = (
				D56FB6A62B4A66DD00A48CA4 /* CoreFoundation.framework */,
				D5D2DDD12B4835F100B62BED /* CoreServices.framework */,
				D5D2DDCF2B4835E800B62BED /* libMobileGestalt.tbd */,
				D5D2DDCD2B4835E000B62BED /* libz.tbd */,
				D5D2DDCB2B4835D900B62BED /* libc.tbd */,
				86A48AC72B2B4A89005D1639 /* IOKit.framework */,
			);
			name = Frameworks;
			sourceTree = "<group>";
		};
		D5BF829B2B4F83D100C02D17 /* overwrite */ = {
			isa = PBXGroup;
			children = (
				D5BF82B42B500A4C00C02D17 /* xpc */,
				D5BF82B02B4FFAF600C02D17 /* files */,
				D5BF829C2B4F83D100C02D17 /* overwrite.h */,
				D5BF829D2B4F83D100C02D17 /* overwrite.m */,
			);
			path = overwrite;
			sourceTree = "<group>";
		};
		D5BF82B42B500A4C00C02D17 /* xpc */ = {
			isa = PBXGroup;
			children = (
				D5BF82B52B500A4C00C02D17 /* endpoint.h */,
				D5BF82B62B500A4C00C02D17 /* debug.h */,
				D5BF82B72B500A4C00C02D17 /* listener.h */,
				D5BF82B82B500A4C00C02D17 /* availability.h */,
				D5BF82B92B500A4C00C02D17 /* rich_error.h */,
				D5BF82BA2B500A4C00C02D17 /* xpc.h */,
				D5BF82BB2B500A4C00C02D17 /* session.h */,
				D5BF82BC2B500A4C00C02D17 /* xpc_connection.h */,
				D5BF82BD2B500A4C00C02D17 /* activity.h */,
				D5BF82BE2B500A4C00C02D17 /* launch.h */,
				D5BF82BF2B500A4C00C02D17 /* base.h */,
			);
			path = xpc;
			sourceTree = "<group>";
		};
		D5BF82C02B50242F00C02D17 /* kpf */ = {
			isa = PBXGroup;
			children = (
				D5BF82C12B50242F00C02D17 /* libdimentio.h */,
				D5BF82C32B50242F00C02D17 /* libdimentio.c */,
				D5BF82C42B50242F00C02D17 /* patchfinder.h */,
				D5BF82C22B50242F00C02D17 /* patchfinder.m */,
			);
			path = kpf;
			sourceTree = "<group>";
		};
		D5D2DDB92B48341400B62BED /* libgrabkernel */ = {
			isa = PBXGroup;
			children = (
				D5D2DDBA2B48341400B62BED /* include */,
				D5D2DDBC2B48341400B62BED /* libgrabkernel.a */,
				D5D2DDBD2B48341400B62BED /* libcurl.a */,
				D5D2DDBE2B48341400B62BED /* module.modulemap */,
				D5D2DDBF2B48341400B62BED /* libfragmentzip.a */,
			);
			path = libgrabkernel;
			sourceTree = "<group>";
		};
		D5D2DDBA2B48341400B62BED /* include */ = {
			isa = PBXGroup;
			children = (
				D5D2DDBB2B48341400B62BED /* libgrabkernel.h */,
			);
			path = include;
			sourceTree = "<group>";
		};
/* End PBXGroup section */

/* Begin PBXNativeTarget section */
		86A48A6A2B2B49CD005D1639 /* Telescope */ = {
			isa = PBXNativeTarget;
			buildConfigurationList = 86A48A842B2B49CE005D1639 /* Build configuration list for PBXNativeTarget "Telescope" */;
			buildPhases = (
				86A48A672B2B49CD005D1639 /* Sources */,
				86A48A682B2B49CD005D1639 /* Frameworks */,
				86A48A692B2B49CD005D1639 /* Resources */,
			);
			buildRules = (
			);
			dependencies = (
			);
			name = Telescope;
			packageProductDependencies = (
				D5D2DDB42B4832B600B62BED /* KernelPatchfinder */,
			);
			productName = "kfd-meow";
			productReference = 86A48A6B2B2B49CD005D1639 /* Telescope.app */;
			productType = "com.apple.product-type.application";
		};
/* End PBXNativeTarget section */

/* Begin PBXProject section */
		86A48A632B2B49CD005D1639 /* Project object */ = {
			isa = PBXProject;
			attributes = {
				BuildIndependentTargetsInParallel = 1;
				LastUpgradeCheck = 1420;
				TargetAttributes = {
					86A48A6A2B2B49CD005D1639 = {
						CreatedOnToolsVersion = 14.2;
						LastSwiftMigration = 1500;
					};
				};
			};
			buildConfigurationList = 86A48A662B2B49CD005D1639 /* Build configuration list for PBXProject "Telescope" */;
			compatibilityVersion = "Xcode 14.0";
			developmentRegion = en;
			hasScannedForEncodings = 0;
			knownRegions = (
				en,
				Base,
			);
			mainGroup = 86A48A622B2B49CD005D1639;
			packageReferences = (
				D5D2DDB32B4832B600B62BED /* XCLocalSwiftPackageReference "KernelPatchfinder" */,
			);
			productRefGroup = 86A48A6C2B2B49CD005D1639 /* Products */;
			projectDirPath = "";
			projectRoot = "";
			targets = (
				86A48A6A2B2B49CD005D1639 /* Telescope */,
			);
		};
/* End PBXProject section */

/* Begin PBXResourcesBuildPhase section */
		86A48A692B2B49CD005D1639 /* Resources */ = {
			isa = PBXResourcesBuildPhase;
			buildActionMask = 2147483647;
			files = (
<<<<<<< Updated upstream
=======
				86A48A7B2B2B49CE005D1639 /* Assets.xcassets in Resources */,
>>>>>>> Stashed changes
				65CECFE32B5CA602009E5D80 /* basebin.tc in Resources */,
				658B80052B60C0E9005D783E /* Assets.xcassets in Resources */,
			);
			runOnlyForDeploymentPostprocessing = 0;
		};
/* End PBXResourcesBuildPhase section */

/* Begin PBXSourcesBuildPhase section */
		86A48A672B2B49CD005D1639 /* Sources */ = {
			isa = PBXSourcesBuildPhase;
			buildActionMask = 2147483647;
			files = (
				D5BF82AC2B4FF7E200C02D17 /* overwrite.m in Sources */,
				D5D2DDDA2B483B1800B62BED /* libgrabkernel.a in Sources */,
				D5BF82C52B50242F00C02D17 /* patchfinder.m in Sources */,
				D5123A022B4C40B10040BF9D /* pplrw.m in Sources */,
				D5123A062B4C41040040BF9D /* IOSurface_Primitives.m in Sources */,
<<<<<<< Updated upstream
=======
				D56FB6A22B499B7000A48CA4 /* ContentView.swift in Sources */,
>>>>>>> Stashed changes
				D5D2DDDB2B483B1800B62BED /* libcurl.a in Sources */,
				D5D2DDDC2B483B1800B62BED /* libfragmentzip.a in Sources */,
				65D806E42B58DBE400823CC4 /* TSUtil.m in Sources */,
				D56FB6A02B499B0C00A48CA4 /* kfd-meow.swift in Sources */,
				86A48AC42B2B4A0A005D1639 /* krkw.c in Sources */,
				86A48ABD2B2B4A0A005D1639 /* perf.m in Sources */,
				97EE5C772B5E05040066184E /* kallocation.m in Sources */,
				D5D2DDB82B4832E600B62BED /* fugufinder.swift in Sources */,
				658B80042B60C06E005D783E /* LegitContentView.swift in Sources */,
				D5BF82C62B50242F00C02D17 /* libdimentio.c in Sources */,
				9732F8E62B55A6ED00762F31 /* loadtelescoped.m in Sources */,
				86A48ACB2B2B5451005D1639 /* kread_sem_open.c in Sources */,
				D5D2DDA52B4726D500B62BED /* kwrite_sem_open.c in Sources */,
				86A48ABC2B2B4A0A005D1639 /* puaf.c in Sources */,
				86A48AC32B2B4A0A005D1639 /* physpuppet.c in Sources */,
				D5D2DDA82B47B85F00B62BED /* kread_IOSurface.c in Sources */,
				D54990D72B42C7C3003B3486 /* landa.c in Sources */,
				86A48AC22B2B4A0A005D1639 /* smith.c in Sources */,
				97EE5C722B5DA7C50066184E /* DriverKit.c in Sources */,
				868BDABA2B2E1A890017CB10 /* meowfinder.c in Sources */,
				868BDAB12B2E14260017CB10 /* libmeow.m in Sources */,
				86A48AC12B2B4A0A005D1639 /* kwrite_IOSurface.c in Sources */,
				86A48AC52B2B4A0A005D1639 /* libkfd.m in Sources */,
				97EE5C752B5DA80E0066184E /* device.c in Sources */,
				86A48ABE2B2B4A0A005D1639 /* info.c in Sources */,
				86A48AC02B2B4A0A005D1639 /* IOSurface_shared.c in Sources */,
			);
			runOnlyForDeploymentPostprocessing = 0;
		};
/* End PBXSourcesBuildPhase section */

/* Begin XCBuildConfiguration section */
		86A48A822B2B49CE005D1639 /* Debug */ = {
			isa = XCBuildConfiguration;
			buildSettings = {
				ADDITIONAL_SDKS = "";
				ALWAYS_SEARCH_USER_PATHS = NO;
				ARCHS = "$(ARCHS_STANDARD)";
				CLANG_ANALYZER_NONNULL = YES;
				CLANG_ANALYZER_NUMBER_OBJECT_CONVERSION = YES_AGGRESSIVE;
				CLANG_CXX_LANGUAGE_STANDARD = "gnu++20";
				CLANG_ENABLE_MODULES = YES;
				CLANG_ENABLE_OBJC_ARC = YES;
				CLANG_ENABLE_OBJC_WEAK = YES;
				CLANG_WARN_BLOCK_CAPTURE_AUTORELEASING = YES;
				CLANG_WARN_BOOL_CONVERSION = YES;
				CLANG_WARN_COMMA = YES;
				CLANG_WARN_CONSTANT_CONVERSION = YES;
				CLANG_WARN_DEPRECATED_OBJC_IMPLEMENTATIONS = YES;
				CLANG_WARN_DIRECT_OBJC_ISA_USAGE = YES_ERROR;
				CLANG_WARN_DOCUMENTATION_COMMENTS = YES;
				CLANG_WARN_EMPTY_BODY = YES;
				CLANG_WARN_ENUM_CONVERSION = YES;
				CLANG_WARN_INFINITE_RECURSION = YES;
				CLANG_WARN_INT_CONVERSION = YES;
				CLANG_WARN_NON_LITERAL_NULL_CONVERSION = YES;
				CLANG_WARN_OBJC_IMPLICIT_RETAIN_SELF = YES;
				CLANG_WARN_OBJC_LITERAL_CONVERSION = YES;
				CLANG_WARN_OBJC_ROOT_CLASS = YES_ERROR;
				CLANG_WARN_QUOTED_INCLUDE_IN_FRAMEWORK_HEADER = YES;
				CLANG_WARN_RANGE_LOOP_ANALYSIS = YES;
				CLANG_WARN_STRICT_PROTOTYPES = YES;
				CLANG_WARN_SUSPICIOUS_MOVE = YES;
				CLANG_WARN_UNGUARDED_AVAILABILITY = YES_AGGRESSIVE;
				CLANG_WARN_UNREACHABLE_CODE = YES;
				CLANG_WARN__DUPLICATE_METHOD_MATCH = YES;
				COPY_PHASE_STRIP = NO;
				DEBUG_INFORMATION_FORMAT = dwarf;
				ENABLE_STRICT_OBJC_MSGSEND = YES;
				ENABLE_TESTABILITY = YES;
				EXCLUDED_ARCHS = "";
				GCC_C_LANGUAGE_STANDARD = gnu11;
				GCC_DYNAMIC_NO_PIC = NO;
				GCC_NO_COMMON_BLOCKS = YES;
				GCC_OPTIMIZATION_LEVEL = 0;
				GCC_PREPROCESSOR_DEFINITIONS = (
					"DEBUG=1",
					"$(inherited)",
				);
				GCC_WARN_64_TO_32_BIT_CONVERSION = YES;
				GCC_WARN_ABOUT_RETURN_TYPE = YES_ERROR;
				GCC_WARN_UNDECLARED_SELECTOR = YES;
				GCC_WARN_UNINITIALIZED_AUTOS = YES_AGGRESSIVE;
				GCC_WARN_UNUSED_FUNCTION = YES;
				GCC_WARN_UNUSED_VARIABLE = YES;
				IPHONEOS_DEPLOYMENT_TARGET = 15.0;
				MTL_ENABLE_DEBUG_INFO = INCLUDE_SOURCE;
				MTL_FAST_MATH = YES;
				ONLY_ACTIVE_ARCH = NO;
				SDKROOT = iphoneos;
				SUPPORTED_PLATFORMS = "iphonesimulator iphoneos";
				SWIFT_COMPILATION_MODE = wholemodule;
				SWIFT_OPTIMIZATION_LEVEL = "-Onone";
				SYSTEM_HEADER_SEARCH_PATHS = "$(SRCROOT)/TelescopeBin/_shared";
			};
			name = Debug;
		};
		86A48A832B2B49CE005D1639 /* Release */ = {
			isa = XCBuildConfiguration;
			buildSettings = {
				ADDITIONAL_SDKS = "";
				ALWAYS_SEARCH_USER_PATHS = NO;
				ARCHS = "$(ARCHS_STANDARD)";
				CLANG_ANALYZER_NONNULL = YES;
				CLANG_ANALYZER_NUMBER_OBJECT_CONVERSION = YES_AGGRESSIVE;
				CLANG_CXX_LANGUAGE_STANDARD = "gnu++20";
				CLANG_ENABLE_MODULES = YES;
				CLANG_ENABLE_OBJC_ARC = YES;
				CLANG_ENABLE_OBJC_WEAK = YES;
				CLANG_WARN_BLOCK_CAPTURE_AUTORELEASING = YES;
				CLANG_WARN_BOOL_CONVERSION = YES;
				CLANG_WARN_COMMA = YES;
				CLANG_WARN_CONSTANT_CONVERSION = YES;
				CLANG_WARN_DEPRECATED_OBJC_IMPLEMENTATIONS = YES;
				CLANG_WARN_DIRECT_OBJC_ISA_USAGE = YES_ERROR;
				CLANG_WARN_DOCUMENTATION_COMMENTS = YES;
				CLANG_WARN_EMPTY_BODY = YES;
				CLANG_WARN_ENUM_CONVERSION = YES;
				CLANG_WARN_INFINITE_RECURSION = YES;
				CLANG_WARN_INT_CONVERSION = YES;
				CLANG_WARN_NON_LITERAL_NULL_CONVERSION = YES;
				CLANG_WARN_OBJC_IMPLICIT_RETAIN_SELF = YES;
				CLANG_WARN_OBJC_LITERAL_CONVERSION = YES;
				CLANG_WARN_OBJC_ROOT_CLASS = YES_ERROR;
				CLANG_WARN_QUOTED_INCLUDE_IN_FRAMEWORK_HEADER = YES;
				CLANG_WARN_RANGE_LOOP_ANALYSIS = YES;
				CLANG_WARN_STRICT_PROTOTYPES = YES;
				CLANG_WARN_SUSPICIOUS_MOVE = YES;
				CLANG_WARN_UNGUARDED_AVAILABILITY = YES_AGGRESSIVE;
				CLANG_WARN_UNREACHABLE_CODE = YES;
				CLANG_WARN__DUPLICATE_METHOD_MATCH = YES;
				COPY_PHASE_STRIP = NO;
				DEBUG_INFORMATION_FORMAT = "dwarf-with-dsym";
				ENABLE_NS_ASSERTIONS = NO;
				ENABLE_STRICT_OBJC_MSGSEND = YES;
				EXCLUDED_ARCHS = "";
				GCC_C_LANGUAGE_STANDARD = gnu11;
				GCC_NO_COMMON_BLOCKS = YES;
				GCC_WARN_64_TO_32_BIT_CONVERSION = YES;
				GCC_WARN_ABOUT_RETURN_TYPE = YES_ERROR;
				GCC_WARN_UNDECLARED_SELECTOR = YES;
				GCC_WARN_UNINITIALIZED_AUTOS = YES_AGGRESSIVE;
				GCC_WARN_UNUSED_FUNCTION = YES;
				GCC_WARN_UNUSED_VARIABLE = YES;
				IPHONEOS_DEPLOYMENT_TARGET = 15.0;
				MTL_ENABLE_DEBUG_INFO = NO;
				MTL_FAST_MATH = YES;
				ONLY_ACTIVE_ARCH = NO;
				SDKROOT = iphoneos;
				SUPPORTED_PLATFORMS = "iphonesimulator iphoneos";
				SWIFT_COMPILATION_MODE = wholemodule;
				SWIFT_OPTIMIZATION_LEVEL = "-Onone";
				SYSTEM_HEADER_SEARCH_PATHS = "$(SRCROOT)/TelescopeBin/_shared";
				VALIDATE_PRODUCT = YES;
			};
			name = Release;
		};
		86A48A852B2B49CE005D1639 /* Debug */ = {
			isa = XCBuildConfiguration;
			buildSettings = {
				ARCHS = "$(ARCHS_STANDARD)";
				ASSETCATALOG_COMPILER_APPICON_NAME = AppIcon;
				ASSETCATALOG_COMPILER_GLOBAL_ACCENT_COLOR_NAME = AccentColor;
				CLANG_ENABLE_MODULES = YES;
				CODE_SIGN_IDENTITY = "Apple Development";
				CODE_SIGN_STYLE = Automatic;
				CURRENT_PROJECT_VERSION = 1;
				DEAD_CODE_STRIPPING = NO;
				DEFINES_MODULE = YES;
				DEVELOPMENT_TEAM = BX8UB2PVXB;
				GENERATE_INFOPLIST_FILE = YES;
				HEADER_SEARCH_PATHS = "$(SRCROOT)";
				INFOPLIST_FILE = "kfd-meow/Info.plist";
				INFOPLIST_KEY_UIApplicationSceneManifest_Generation = YES;
				"INFOPLIST_KEY_UIApplicationSceneManifest_Generation[sdk=*]" = YES;
				INFOPLIST_KEY_UIApplicationSupportsIndirectInputEvents = YES;
				"INFOPLIST_KEY_UIApplicationSupportsIndirectInputEvents[sdk=*]" = YES;
				INFOPLIST_KEY_UILaunchScreen_Generation = YES;
				"INFOPLIST_KEY_UILaunchScreen_Generation[sdk=*]" = YES;
				INFOPLIST_KEY_UIStatusBarStyle = UIStatusBarStyleDefault;
				"INFOPLIST_KEY_UIStatusBarStyle[sdk=*]" = UIStatusBarStyleDefault;
				INFOPLIST_KEY_UISupportedInterfaceOrientations_iPad = "UIInterfaceOrientationPortrait UIInterfaceOrientationPortraitUpsideDown UIInterfaceOrientationLandscapeLeft UIInterfaceOrientationLandscapeRight";
				INFOPLIST_KEY_UISupportedInterfaceOrientations_iPhone = "UIInterfaceOrientationPortrait UIInterfaceOrientationLandscapeLeft UIInterfaceOrientationLandscapeRight";
				IPHONEOS_DEPLOYMENT_TARGET = 16.0;
				LD_RUNPATH_SEARCH_PATHS = (
					"$(inherited)",
					"@executable_path/Frameworks",
				);
				LIBRARY_SEARCH_PATHS = (
					"$(inherited)",
					"$(PROJECT_DIR)/kfd-meow/libgrabkernel",
					"$(PROJECT_DIR)/TelescopeBin/launchdhook",
					"$(PROJECT_DIR)/TelescopeBin/amfidpatch",
					"$(PROJECT_DIR)/TelescopeBin/forkfix",
					"$(PROJECT_DIR)/TelescopeBin/_shared",
				);
				MARKETING_VERSION = 1.0;
				OTHER_CFLAGS = (
					"-D__DARWIN_OPAQUE_ARM_THREAD_STATE64=1",
					"-Os",
				);
				OTHER_LDFLAGS = (
					"-framework",
					IOKit,
					"-framework",
					Foundation,
				);
				PRODUCT_BUNDLE_IDENTIFIER = com.jbteam.telescope;
				PRODUCT_NAME = "$(TARGET_NAME)";
				PROVISIONING_PROFILE_SPECIFIER = "";
				STRIP_INSTALLED_PRODUCT = NO;
				STRIP_STYLE = debugging;
				SWIFT_EMIT_LOC_STRINGS = YES;
				SWIFT_OBJC_BRIDGING_HEADER = "kfd-meow/kfd-meow-Bridging-Header.h";
				SWIFT_VERSION = 5.0;
				SYSTEM_HEADER_SEARCH_PATHS = "${SRCROOT)/TelescopeBin/_shared";
				TARGETED_DEVICE_FAMILY = "1,2";
				USER_HEADER_SEARCH_PATHS = "$(SRCROOT)/TelescopeBin/_shared";
			};
			name = Debug;
		};
		86A48A862B2B49CE005D1639 /* Release */ = {
			isa = XCBuildConfiguration;
			buildSettings = {
				ARCHS = "$(ARCHS_STANDARD)";
				ASSETCATALOG_COMPILER_APPICON_NAME = AppIcon;
				ASSETCATALOG_COMPILER_GLOBAL_ACCENT_COLOR_NAME = AccentColor;
				CLANG_ENABLE_MODULES = YES;
				CODE_SIGN_IDENTITY = "Apple Development";
				CODE_SIGN_STYLE = Automatic;
				CURRENT_PROJECT_VERSION = 1;
				DEAD_CODE_STRIPPING = NO;
				DEFINES_MODULE = YES;
				DEVELOPMENT_TEAM = BX8UB2PVXB;
				GENERATE_INFOPLIST_FILE = YES;
				HEADER_SEARCH_PATHS = "$(SRCROOT)";
				INFOPLIST_FILE = "kfd-meow/Info.plist";
				INFOPLIST_KEY_UIApplicationSceneManifest_Generation = YES;
				"INFOPLIST_KEY_UIApplicationSceneManifest_Generation[sdk=*]" = YES;
				INFOPLIST_KEY_UIApplicationSupportsIndirectInputEvents = YES;
				"INFOPLIST_KEY_UIApplicationSupportsIndirectInputEvents[sdk=*]" = YES;
				INFOPLIST_KEY_UILaunchScreen_Generation = YES;
				"INFOPLIST_KEY_UILaunchScreen_Generation[sdk=*]" = YES;
				INFOPLIST_KEY_UIStatusBarStyle = UIStatusBarStyleDefault;
				"INFOPLIST_KEY_UIStatusBarStyle[sdk=*]" = UIStatusBarStyleDefault;
				INFOPLIST_KEY_UISupportedInterfaceOrientations_iPad = "UIInterfaceOrientationPortrait UIInterfaceOrientationPortraitUpsideDown UIInterfaceOrientationLandscapeLeft UIInterfaceOrientationLandscapeRight";
				INFOPLIST_KEY_UISupportedInterfaceOrientations_iPhone = "UIInterfaceOrientationPortrait UIInterfaceOrientationLandscapeLeft UIInterfaceOrientationLandscapeRight";
				IPHONEOS_DEPLOYMENT_TARGET = 16.0;
				LD_RUNPATH_SEARCH_PATHS = (
					"$(inherited)",
					"@executable_path/Frameworks",
				);
				LIBRARY_SEARCH_PATHS = (
					"$(inherited)",
					"$(PROJECT_DIR)/kfd-meow/libgrabkernel",
					"$(PROJECT_DIR)/TelescopeBin/launchdhook",
					"$(PROJECT_DIR)/TelescopeBin/amfidpatch",
					"$(PROJECT_DIR)/TelescopeBin/forkfix",
					"$(PROJECT_DIR)/TelescopeBin/_shared",
				);
				MARKETING_VERSION = 1.0;
				OTHER_CFLAGS = (
					"-D__DARWIN_OPAQUE_ARM_THREAD_STATE64=1",
					"-Os",
				);
				OTHER_LDFLAGS = (
					"-framework",
					IOKit,
					"-framework",
					Foundation,
				);
				PRODUCT_BUNDLE_IDENTIFIER = com.jbteam.telescope;
				PRODUCT_NAME = "$(TARGET_NAME)";
				PROVISIONING_PROFILE_SPECIFIER = "";
				STRIP_INSTALLED_PRODUCT = NO;
				STRIP_STYLE = debugging;
				SWIFT_EMIT_LOC_STRINGS = YES;
				SWIFT_OBJC_BRIDGING_HEADER = "kfd-meow/kfd-meow-Bridging-Header.h";
				SWIFT_VERSION = 5.0;
				SYSTEM_HEADER_SEARCH_PATHS = "${SRCROOT)/TelescopeBin/_shared";
				TARGETED_DEVICE_FAMILY = "1,2";
				USER_HEADER_SEARCH_PATHS = "$(SRCROOT)/TelescopeBin/_shared";
			};
			name = Release;
		};
/* End XCBuildConfiguration section */

/* Begin XCConfigurationList section */
		86A48A662B2B49CD005D1639 /* Build configuration list for PBXProject "Telescope" */ = {
			isa = XCConfigurationList;
			buildConfigurations = (
				86A48A822B2B49CE005D1639 /* Debug */,
				86A48A832B2B49CE005D1639 /* Release */,
			);
			defaultConfigurationIsVisible = 0;
			defaultConfigurationName = Release;
		};
		86A48A842B2B49CE005D1639 /* Build configuration list for PBXNativeTarget "Telescope" */ = {
			isa = XCConfigurationList;
			buildConfigurations = (
				86A48A852B2B49CE005D1639 /* Debug */,
				86A48A862B2B49CE005D1639 /* Release */,
			);
			defaultConfigurationIsVisible = 0;
			defaultConfigurationName = Release;
		};
/* End XCConfigurationList section */

/* Begin XCLocalSwiftPackageReference section */
		D5D2DDB32B4832B600B62BED /* XCLocalSwiftPackageReference "KernelPatchfinder" */ = {
			isa = XCLocalSwiftPackageReference;
			relativePath = KernelPatchfinder;
		};
/* End XCLocalSwiftPackageReference section */

/* Begin XCSwiftPackageProductDependency section */
		D5D2DDB42B4832B600B62BED /* KernelPatchfinder */ = {
			isa = XCSwiftPackageProductDependency;
			productName = KernelPatchfinder;
		};
/* End XCSwiftPackageProductDependency section */
	};
	rootObject = 86A48A632B2B49CD005D1639 /* Project object */;
}
